
Microsoft Visual Studio Solution File, Format Version 12.00
# Visual Studio Version 17
VisualStudioVersion = 17.13.35828.75 d17.13
MinimumVisualStudioVersion = 10.0.40219.1
Project("{FAE04EC0-301F-11D3-BF4B-00C04F79EFBC}") = "MainGUI", "MainGUI.csproj", "{A265DC6C-383B-43E5-BFB0-C140ABC931B1}"
EndProject
Global
	GlobalSection(SolutionConfigurationPlatforms) = preSolution
		Debug|Any CPU = Debug|Any CPU
		Release|Any CPU = Release|Any CPU
	EndGlobalSection
	GlobalSection(ProjectConfigurationPlatforms) = postSolution
		{A265DC6C-383B-43E5-BFB0-C140ABC931B1}.Debug|Any CPU.ActiveCfg = Debug|Any CPU
		{A265DC6C-383B-43E5-BFB0-C140ABC931B1}.Debug|Any CPU.Build.0 = Debug|Any CPU
		{A265DC6C-383B-43E5-BFB0-C140ABC931B1}.Release|Any CPU.ActiveCfg = Release|Any CPU
		{A265DC6C-383B-43E5-BFB0-C140ABC931B1}.Release|Any CPU.Build.0 = Release|Any CPU
	EndGlobalSection
	GlobalSection(SolutionProperties) = preSolution
		HideSolutionNode = FALSE
	EndGlobalSection
	GlobalSection(ExtensibilityGlobals) = postSolution
		SolutionGuid = {E416900E-BBED-4A41-B3D3-7CC66BA459AF}
	EndGlobalSection
EndGlobal
